
Microsoft Visual Studio Solution File, Format Version 12.00
# Visual Studio Version 17
VisualStudioVersion = 17.10.35013.160
MinimumVisualStudioVersion = 10.0.40219.1
Project("{FAE04EC0-301F-11D3-BF4B-00C04F79EFBC}") = "BuscaRemediosAPI", "BuscaRemediosAPI\BuscaRemediosAPI.csproj", "{D21161BD-AAF7-4E59-A16D-DF656CCD2DA7}"
EndProject
Global
	GlobalSection(SolutionConfigurationPlatforms) = preSolution
		Debug|Any CPU = Debug|Any CPU
		Release|Any CPU = Release|Any CPU
	EndGlobalSection
	GlobalSection(ProjectConfigurationPlatforms) = postSolution
		{D21161BD-AAF7-4E59-A16D-DF656CCD2DA7}.Debug|Any CPU.ActiveCfg = Debug|Any CPU
		{D21161BD-AAF7-4E59-A16D-DF656CCD2DA7}.Debug|Any CPU.Build.0 = Debug|Any CPU
		{D21161BD-AAF7-4E59-A16D-DF656CCD2DA7}.Release|Any CPU.ActiveCfg = Release|Any CPU
		{D21161BD-AAF7-4E59-A16D-DF656CCD2DA7}.Release|Any CPU.Build.0 = Release|Any CPU
	EndGlobalSection
	GlobalSection(SolutionProperties) = preSolution
		HideSolutionNode = FALSE
	EndGlobalSection
	GlobalSection(ExtensibilityGlobals) = postSolution
		SolutionGuid = {16A28E6E-98C6-4DCA-A77F-F2DC0E99F0E1}
	EndGlobalSection
EndGlobal
